PODS:
  - advance_expansion_tile (0.0.1):
    - Flutter
  - Flutter (1.0.0)
  - flutter_web_browser (0.16.0):
    - Flutter
  - FMDB (2.7.5):
    - FMDB/standard (= 2.7.5)
  - FMDB/standard (2.7.5)
  - image_picker_ios (0.0.1):
    - Flutter
  - package_info_plus (0.4.5):
    - Flutter
  - path_provider_foundation (0.0.1):
    - Flutter
    - FlutterMacOS
  - Sentry/HybridSDK (8.11.0):
    - SentryPrivate (= 8.11.0)
  - sentry_flutter (0.0.1):
    - Flutter
    - FlutterMacOS
    - Sentry/HybridSDK (= 8.11.0)
  - SentryPrivate (8.11.0)
  - shared_preferences_foundation (0.0.1):
    - Flutter
    - FlutterMacOS
  - sqflite (0.0.3):
    - Flutter
    - FMDB (>= 2.7.5)
  - url_launcher_ios (0.0.1):
    - Flutter
  - webview_flutter_wkwebview (0.0.1):
    - Flutter

DEPENDENCIES:
  - advance_expansion_tile (from `.symlinks/plugins/advance_expansion_tile/ios`)
  - Flutter (from `Flutter`)
  - flutter_web_browser (from `.symlinks/plugins/flutter_web_browser/ios`)
  - image_picker_ios (from `.symlinks/plugins/image_picker_ios/ios`)
  - package_info_plus (from `.symlinks/plugins/package_info_plus/ios`)
  - path_provider_foundation (from `.symlinks/plugins/path_provider_foundation/darwin`)
  - sentry_flutter (from `.symlinks/plugins/sentry_flutter/ios`)
  - shared_preferences_foundation (from `.symlinks/plugins/shared_preferences_foundation/darwin`)
  - sqflite (from `.symlinks/plugins/sqflite/ios`)
  - url_launcher_ios (from `.symlinks/plugins/url_launcher_ios/ios`)
  - webview_flutter_wkwebview (from `.symlinks/plugins/webview_flutter_wkwebview/ios`)

SPEC REPOS:
  trunk:
    - FMDB
    - Sentry
    - SentryPrivate

EXTERNAL SOURCES:
  advance_expansion_tile:
    :path: ".symlinks/plugins/advance_expansion_tile/ios"
  Flutter:
    :path: Flutter
  flutter_web_browser:
    :path: ".symlinks/plugins/flutter_web_browser/ios"
  image_picker_ios:
    :path: ".symlinks/plugins/image_picker_ios/ios"
  package_info_plus:
    :path: ".symlinks/plugins/package_info_plus/ios"
  path_provider_foundation:
    :path: ".symlinks/plugins/path_provider_foundation/darwin"
  sentry_flutter:
    :path: ".symlinks/plugins/sentry_flutter/ios"
  shared_preferences_foundation:
    :path: ".symlinks/plugins/shared_preferences_foundation/darwin"
  sqflite:
    :path: ".symlinks/plugins/sqflite/ios"
  url_launcher_ios:
    :path: ".symlinks/plugins/url_launcher_ios/ios"
  webview_flutter_wkwebview:
    :path: ".symlinks/plugins/webview_flutter_wkwebview/ios"

SPEC CHECKSUMS:
  advance_expansion_tile: 3670d843a04cc64d762ab6b5ae2fa525d10345c0
  Flutter: f04841e97a9d0b0a8025694d0796dd46242b2854
  flutter_web_browser: abce1ddf6071fe237f7b41bc9e05bb0d9f313ba0
  FMDB: 2ce00b547f966261cd18927a3ddb07cb6f3db82a
  image_picker_ios: 4a8aadfbb6dc30ad5141a2ce3832af9214a705b5
  package_info_plus: fd030dabf36271f146f1f3beacd48f564b0f17f7
  path_provider_foundation: 29f094ae23ebbca9d3d0cec13889cd9060c0e943
  Sentry: 39d57e691e311bdb73bc1ab5bbebbd6bc890050d
  sentry_flutter: b2feefdad5b0f06602347172bc7257e8e9da5562
  SentryPrivate: 48712023cdfd523735c2edb6b06bedf26c4730a3
  shared_preferences_foundation: 5b919d13b803cadd15ed2dc053125c68730e5126
  sqflite: 31f7eba61e3074736dff8807a9b41581e4f7f15a
  url_launcher_ios: 08a3dfac5fb39e8759aeb0abbd5d9480f30fc8b4
  webview_flutter_wkwebview: 2e2d318f21a5e036e2c3f26171342e95908bd60a

PODFILE CHECKSUM: 27cfe88870414057439d1df94d0712f4e0c00dfa

COCOAPODS: 1.12.1
